<?xml version="1.0" encoding="utf-8"?>
<Project ToolsVersion="4.0" xmlns="http://schemas.microsoft.com/developer/msbuild/2003">
  <ItemGroup>
    <ClCompile Include="Renderer.cpp">
      <Filter>Source Files</Filter>
    </ClCompile>
    <ClCompile Include="main.cpp">
      <Filter>Source Files</Filter>
    </ClCompile>
    <ClCompile Include="Physics.cpp">
      <Filter>Source Files</Filter>
    </ClCompile>
    <ClCompile Include="Map.cpp" />
    <ClCompile Include="Entities\Dragon.cpp" />
    <ClCompile Include="Entity.cpp">
      <Filter>Source Files</Filter>
    </ClCompile>
    <ClCompile Include="Entities\Follower.cpp" />
    <ClCompile Include="Entities\Leader.cpp" />
    <ClCompile Include="Components\RenderNode2D.cpp" />
    <ClCompile Include="Components\PhysicsNode.cpp" />
    <ClCompile Include="Components\VelocityNode.cpp" />
    <ClCompile Include="CollisionManager.cpp" />
    <ClCompile Include="Components\CollidableNode.cpp" />
  </ItemGroup>
  <ItemGroup>
    <ClInclude Include="Physics.h">
      <Filter>Header Files</Filter>
    </ClInclude>
    <ClInclude Include="Renderer.h">
      <Filter>Header Files</Filter>
    </ClInclude>
    <ClInclude Include="Map.h" />
    <ClInclude Include="Entities\Dragon.h" />
    <ClInclude Include="Entity.h">
      <Filter>Header Files</Filter>
    </ClInclude>
    <ClInclude Include="Entities\Follower.h" />
    <ClInclude Include="Entities\Leader.h" />
    <ClInclude Include="Components\RenderNode2D.h" />
    <ClInclude Include="Components\PhysicsNode.h" />
    <ClInclude Include="Components\VelocityNode.h" />
    <ClInclude Include="CollisionManager.h" />
    <ClInclude Include="Components\CollidableNode.h" />
  </ItemGroup>
  <ItemGroup>
    <Filter Include="Header Files">
      <UniqueIdentifier>{d4a3f267-91fc-4a03-a119-9421648bb8c3}</UniqueIdentifier>
    </Filter>
    <Filter Include="Source Files">
      <UniqueIdentifier>{77d66942-c718-4f17-85f4-4bcf37a94af4}</UniqueIdentifier>
    </Filter>
  </ItemGroup>
</Project>